# generated by rye
# use `rye lock` or `rye sync` to update this lockfile
#
# last locked with the following flags:
#   pre: false
#   features: []
#   all-features: false
#   with-sources: false

-e file:.
asttokens==2.2.1
    # via stack-data
backcall==0.2.0
    # via ipython
black==24.4.0
click==8.1.7
    # via black
    # via ncbc
comm==0.1.4
    # via ipykernel
contourpy==1.1.0
    # via matplotlib
cycler==0.11.0
    # via matplotlib
debugpy==1.6.7.post1
    # via ipykernel
decorator==5.1.1
    # via ipython
executing==1.2.0
    # via stack-data
find-libpython==0.4.0
    # via neuron
fonttools==4.42.0
    # via matplotlib
h5py==3.11.0
    # via ncbc
ipykernel==6.29.4
ipython==8.14.0
    # via ipykernel
jedi==0.19.0
    # via ipython
jupyter-client==8.3.0
    # via ipykernel
jupyter-core==5.3.1
    # via ipykernel
    # via jupyter-client
kiwisolver==1.4.4
    # via matplotlib
matplotlib==3.8.4
    # via ncbc
matplotlib-inline==0.1.6
    # via ipykernel
    # via ipython
mypy-extensions==1.0.0
    # via black
nest-asyncio==1.5.7
    # via ipykernel
neuron==8.2.4
    # via ncbc
numpy==1.26.4
    # via contourpy
    # via h5py
    # via matplotlib
    # via ncbc
    # via neuron
    # via scipy
packaging==23.1
    # via black
    # via ipykernel
    # via matplotlib
    # via neuron
parso==0.8.3
    # via jedi
pathspec==0.11.2
    # via black
pexpect==4.8.0
    # via ipython
pickleshare==0.7.5
    # via ipython
pillow==10.0.0
    # via matplotlib
pip==24.0
platformdirs==3.10.0
    # via black
    # via jupyter-core
prompt-toolkit==3.0.39
    # via ipython
psutil==5.9.5
    # via ipykernel
ptyprocess==0.7.0
    # via pexpect
pure-eval==0.2.2
    # via stack-data
pygments==2.16.1
    # via ipython
pyparsing==3.0.9
    # via matplotlib
python-dateutil==2.8.2
    # via jupyter-client
    # via matplotlib
pyzmq==25.1.1
    # via ipykernel
    # via jupyter-client
ruff==0.4.1
scipy==1.13.0
    # via ncbc
setuptools==69.5.1
    # via neuron
six==1.16.0
    # via asttokens
    # via python-dateutil
stack-data==0.6.2
    # via ipython
tornado==6.3.3
    # via ipykernel
    # via jupyter-client
tqdm==4.66.2
    # via ncbc
traitlets==5.9.0
    # via comm
    # via ipykernel
    # via ipython
    # via jupyter-client
    # via jupyter-core
    # via matplotlib-inline
typeid-python==0.3.0
    # via ncbc
uuid6==2023.5.2
    # via typeid-python
wcwidth==0.2.6
    # via prompt-toolkit
