# generated by rye
# use `rye lock` or `rye sync` to update this lockfile
#
# last locked with the following flags:
#   pre: false
#   features: []
#   all-features: false
#   with-sources: false

-e file:.
appnope==0.1.4
    # via ipykernel
asttokens==2.4.1
    # via stack-data
comm==0.2.2
    # via ipykernel
contourpy==1.2.1
    # via matplotlib
cycler==0.12.1
    # via matplotlib
debugpy==1.8.1
    # via ipykernel
decorator==5.1.1
    # via ipython
executing==2.0.1
    # via stack-data
fonttools==4.51.0
    # via matplotlib
ipykernel==6.29.4
ipython==8.24.0
    # via ipykernel
jedi==0.19.1
    # via ipython
jupyter-client==8.6.1
    # via ipykernel
jupyter-core==5.7.2
    # via ipykernel
    # via jupyter-client
kiwisolver==1.4.5
    # via matplotlib
matplotlib==3.8.4
    # via chaos
    # via pyedm
matplotlib-inline==0.1.7
    # via ipykernel
    # via ipython
nest-asyncio==1.6.0
    # via ipykernel
numpy==1.26.4
    # via chaos
    # via contourpy
    # via matplotlib
    # via pandas
    # via scipy
packaging==24.0
    # via ipykernel
    # via matplotlib
pandas==2.2.2
    # via chaos
    # via pyedm
parso==0.8.4
    # via jedi
pexpect==4.9.0
    # via ipython
pillow==10.3.0
    # via matplotlib
pip==24.0
platformdirs==4.2.1
    # via jupyter-core
prompt-toolkit==3.0.43
    # via ipython
psutil==5.9.8
    # via ipykernel
ptyprocess==0.7.0
    # via pexpect
pure-eval==0.2.2
    # via stack-data
pybind11==2.12.0
    # via pyedm
pyedm==1.15.4.0
    # via chaos
pygments==2.18.0
    # via ipython
pyparsing==3.1.2
    # via matplotlib
python-dateutil==2.9.0.post0
    # via jupyter-client
    # via matplotlib
    # via pandas
pytz==2024.1
    # via pandas
pyzmq==26.0.3
    # via ipykernel
    # via jupyter-client
ruff==0.4.4
scipy==1.13.0
    # via pyedm
setuptools==69.5.1
six==1.16.0
    # via asttokens
    # via python-dateutil
stack-data==0.6.3
    # via ipython
tornado==6.4
    # via ipykernel
    # via jupyter-client
traitlets==5.14.3
    # via comm
    # via ipykernel
    # via ipython
    # via jupyter-client
    # via jupyter-core
    # via matplotlib-inline
tzdata==2024.1
    # via pandas
wcwidth==0.2.13
    # via prompt-toolkit
